// !$*UTF8*$!
{
	archiveVersion = 1;
	classes = {
	};
	objectVersion = 50;
	objects = {

/* Begin PBXBuildFile section */
		C10DF228257AB81D009412E7 /* path-configuration.json in Resources */ = {isa = PBXBuildFile; fileRef = C10DF227257AB81D009412E7 /* path-configuration.json */; };
		C153F0082578057900926D30 /* AppDelegate.swift in Sources */ = {isa = PBXBuildFile; fileRef = C153F0072578057900926D30 /* AppDelegate.swift */; };
		C153F00A2578057900926D30 /* SceneDelegate.swift in Sources */ = {isa = PBXBuildFile; fileRef = C153F0092578057900926D30 /* SceneDelegate.swift */; };
		C153F00F2578057900926D30 /* Main.storyboard in Resources */ = {isa = PBXBuildFile; fileRef = C153F00D2578057900926D30 /* Main.storyboard */; };
		C153F0112578057A00926D30 /* Assets.xcassets in Resources */ = {isa = PBXBuildFile; fileRef = C153F0102578057A00926D30 /* Assets.xcassets */; };
		C153F0142578057A00926D30 /* LaunchScreen.storyboard in Resources */ = {isa = PBXBuildFile; fileRef = C153F0122578057A00926D30 /* LaunchScreen.storyboard */; };
		C153F02E25780F6900926D30 /* Turbo.framework in Frameworks */ = {isa = PBXBuildFile; fileRef = C153F02D25780F6900926D30 /* Turbo.framework */; };
		C153F02F25780F6900926D30 /* Turbo.framework in Embed Frameworks */ = {isa = PBXBuildFile; fileRef = C153F02D25780F6900926D30 /* Turbo.framework */; settings = {ATTRIBUTES = (CodeSignOnCopy, RemoveHeadersOnCopy, ); }; };
		C153F03525784BEA00926D30 /* NumbersViewController.swift in Sources */ = {isa = PBXBuildFile; fileRef = C153F03425784BEA00926D30 /* NumbersViewController.swift */; };
		C175FE782579905300C8DF50 /* Demo.swift in Sources */ = {isa = PBXBuildFile; fileRef = C175FE772579905300C8DF50 /* Demo.swift */; };
/* End PBXBuildFile section */

/* Begin PBXCopyFilesBuildPhase section */
		C153F03025780F6900926D30 /* Embed Frameworks */ = {
			isa = PBXCopyFilesBuildPhase;
			buildActionMask = 2147483647;
			dstPath = "";
			dstSubfolderSpec = 10;
			files = (
				C153F02F25780F6900926D30 /* Turbo.framework in Embed Frameworks */,
			);
			name = "Embed Frameworks";
			runOnlyForDeploymentPostprocessing = 0;
		};
/* End PBXCopyFilesBuildPhase section */

/* Begin PBXFileReference section */
		C10DF227257AB81D009412E7 /* path-configuration.json */ = {isa = PBXFileReference; lastKnownFileType = text.json; path = "path-configuration.json"; sourceTree = "<group>"; };
		C153F0042578057900926D30 /* Turbo Demo.app */ = {isa = PBXFileReference; explicitFileType = wrapper.application; includeInIndex = 0; path = "Turbo Demo.app"; sourceTree = BUILT_PRODUCTS_DIR; };
		C153F0072578057900926D30 /* AppDelegate.swift */ = {isa = PBXFileReference; lastKnownFileType = sourcecode.swift; path = AppDelegate.swift; sourceTree = "<group>"; };
		C153F0092578057900926D30 /* SceneDelegate.swift */ = {isa = PBXFileReference; lastKnownFileType = sourcecode.swift; path = SceneDelegate.swift; sourceTree = "<group>"; };
		C153F00E2578057900926D30 /* Base */ = {isa = PBXFileReference; lastKnownFileType = file.storyboard; name = Base; path = Base.lproj/Main.storyboard; sourceTree = "<group>"; };
		C153F0102578057A00926D30 /* Assets.xcassets */ = {isa = PBXFileReference; lastKnownFileType = folder.assetcatalog; path = Assets.xcassets; sourceTree = "<group>"; };
		C153F0132578057A00926D30 /* Base */ = {isa = PBXFileReference; lastKnownFileType = file.storyboard; name = Base; path = Base.lproj/LaunchScreen.storyboard; sourceTree = "<group>"; };
		C153F0152578057A00926D30 /* Info.plist */ = {isa = PBXFileReference; lastKnownFileType = text.plist.xml; path = Info.plist; sourceTree = "<group>"; };
		C153F02D25780F6900926D30 /* Turbo.framework */ = {isa = PBXFileReference; explicitFileType = wrapper.framework; path = Turbo.framework; sourceTree = BUILT_PRODUCTS_DIR; };
		C153F0332578302F00926D30 /* Turbo Demo.entitlements */ = {isa = PBXFileReference; lastKnownFileType = text.plist.entitlements; path = "Turbo Demo.entitlements"; sourceTree = "<group>"; };
		C153F03425784BEA00926D30 /* NumbersViewController.swift */ = {isa = PBXFileReference; lastKnownFileType = sourcecode.swift; path = NumbersViewController.swift; sourceTree = "<group>"; };
		C175FE772579905300C8DF50 /* Demo.swift */ = {isa = PBXFileReference; lastKnownFileType = sourcecode.swift; path = Demo.swift; sourceTree = "<group>"; };
/* End PBXFileReference section */

/* Begin PBXFrameworksBuildPhase section */
		C153F0012578057900926D30 /* Frameworks */ = {
			isa = PBXFrameworksBuildPhase;
			buildActionMask = 2147483647;
			files = (
				C153F02E25780F6900926D30 /* Turbo.framework in Frameworks */,
			);
			runOnlyForDeploymentPostprocessing = 0;
		};
/* End PBXFrameworksBuildPhase section */

/* Begin PBXGroup section */
		C153EFFB2578057900926D30 = {
			isa = PBXGroup;
			children = (
				C153F0062578057900926D30 /* Demo */,
				C153F0052578057900926D30 /* Products */,
				C153F02C25780F6900926D30 /* Frameworks */,
			);
			sourceTree = "<group>";
		};
		C153F0052578057900926D30 /* Products */ = {
			isa = PBXGroup;
			children = (
				C153F0042578057900926D30 /* Turbo Demo.app */,
			);
			name = Products;
			sourceTree = "<group>";
		};
		C153F0062578057900926D30 /* Demo */ = {
			isa = PBXGroup;
			children = (
				C175FE772579905300C8DF50 /* Demo.swift */,
				C153F0072578057900926D30 /* AppDelegate.swift */,
				C153F0092578057900926D30 /* SceneDelegate.swift */,
				C153F03425784BEA00926D30 /* NumbersViewController.swift */,
				C153F0102578057A00926D30 /* Assets.xcassets */,
				C153F00D2578057900926D30 /* Main.storyboard */,
				C153F0122578057A00926D30 /* LaunchScreen.storyboard */,
				C153F0152578057A00926D30 /* Info.plist */,
				C153F0332578302F00926D30 /* Turbo Demo.entitlements */,
				C10DF227257AB81D009412E7 /* path-configuration.json */,
			);
			name = Demo;
			sourceTree = "<group>";
		};
		C153F02C25780F6900926D30 /* Frameworks */ = {
			isa = PBXGroup;
			children = (
				C153F02D25780F6900926D30 /* Turbo.framework */,
			);
			name = Frameworks;
			sourceTree = "<group>";
		};
/* End PBXGroup section */

/* Begin PBXNativeTarget section */
		C153F0032578057900926D30 /* Demo */ = {
			isa = PBXNativeTarget;
			buildConfigurationList = C153F0182578057A00926D30 /* Build configuration list for PBXNativeTarget "Demo" */;
			buildPhases = (
				C153F0002578057900926D30 /* Sources */,
				C153F0012578057900926D30 /* Frameworks */,
				C153F0022578057900926D30 /* Resources */,
				C153F03025780F6900926D30 /* Embed Frameworks */,
			);
			buildRules = (
			);
			dependencies = (
			);
			name = Demo;
			productName = Demo;
			productReference = C153F0042578057900926D30 /* Turbo Demo.app */;
			productType = "com.apple.product-type.application";
		};
/* End PBXNativeTarget section */

/* Begin PBXProject section */
		C153EFFC2578057900926D30 /* Project object */ = {
			isa = PBXProject;
			attributes = {
				LastSwiftUpdateCheck = 1220;
				LastUpgradeCheck = 1220;
				TargetAttributes = {
					C153F0032578057900926D30 = {
						CreatedOnToolsVersion = 12.2;
					};
				};
			};
			buildConfigurationList = C153EFFF2578057900926D30 /* Build configuration list for PBXProject "Demo" */;
			compatibilityVersion = "Xcode 9.3";
			developmentRegion = en;
			hasScannedForEncodings = 0;
			knownRegions = (
				en,
				Base,
			);
			mainGroup = C153EFFB2578057900926D30;
			productRefGroup = C153F0052578057900926D30 /* Products */;
			projectDirPath = "";
			projectRoot = "";
			targets = (
				C153F0032578057900926D30 /* Demo */,
			);
		};
/* End PBXProject section */

/* Begin PBXResourcesBuildPhase section */
		C153F0022578057900926D30 /* Resources */ = {
			isa = PBXResourcesBuildPhase;
			buildActionMask = 2147483647;
			files = (
				C153F0142578057A00926D30 /* LaunchScreen.storyboard in Resources */,
				C10DF228257AB81D009412E7 /* path-configuration.json in Resources */,
				C153F0112578057A00926D30 /* Assets.xcassets in Resources */,
				C153F00F2578057900926D30 /* Main.storyboard in Resources */,
			);
			runOnlyForDeploymentPostprocessing = 0;
		};
/* End PBXResourcesBuildPhase section */

/* Begin PBXSourcesBuildPhase section */
		C153F0002578057900926D30 /* Sources */ = {
			isa = PBXSourcesBuildPhase;
			buildActionMask = 2147483647;
			files = (
				C153F03525784BEA00926D30 /* NumbersViewController.swift in Sources */,
				C153F0082578057900926D30 /* AppDelegate.swift in Sources */,
				C175FE782579905300C8DF50 /* Demo.swift in Sources */,
				C153F00A2578057900926D30 /* SceneDelegate.swift in Sources */,
			);
			runOnlyForDeploymentPostprocessing = 0;
		};
/* End PBXSourcesBuildPhase section */

/* Begin PBXVariantGroup section */
		C153F00D2578057900926D30 /* Main.storyboard */ = {
			isa = PBXVariantGroup;
			children = (
				C153F00E2578057900926D30 /* Base */,
			);
			name = Main.storyboard;
			sourceTree = "<group>";
		};
		C153F0122578057A00926D30 /* LaunchScreen.storyboard */ = {
			isa = PBXVariantGroup;
			children = (
				C153F0132578057A00926D30 /* Base */,
			);
			name = LaunchScreen.storyboard;
			sourceTree = "<group>";
		};
/* End PBXVariantGroup section */

/* Begin XCBuildConfiguration section */
		C153F0162578057A00926D30 /* Debug */ = {
			isa = XCBuildConfiguration;
			buildSettings = {
				ALWAYS_SEARCH_USER_PATHS = NO;
				CLANG_ANALYZER_NONNULL = YES;
				CLANG_ANALYZER_NUMBER_OBJECT_CONVERSION = YES_AGGRESSIVE;
				CLANG_CXX_LANGUAGE_STANDARD = "gnu++14";
				CLANG_CXX_LIBRARY = "libc++";
				CLANG_ENABLE_MODULES = YES;
				CLANG_ENABLE_OBJC_ARC = YES;
				CLANG_ENABLE_OBJC_WEAK = YES;
				CLANG_WARN_BLOCK_CAPTURE_AUTORELEASING = YES;
				CLANG_WARN_BOOL_CONVERSION = YES;
				CLANG_WARN_COMMA = YES;
				CLANG_WARN_CONSTANT_CONVERSION = YES;
				CLANG_WARN_DEPRECATED_OBJC_IMPLEMENTATIONS = YES;
				CLANG_WARN_DIRECT_OBJC_ISA_USAGE = YES_ERROR;
				CLANG_WARN_DOCUMENTATION_COMMENTS = YES;
				CLANG_WARN_EMPTY_BODY = YES;
				CLANG_WARN_ENUM_CONVERSION = YES;
				CLANG_WARN_INFINITE_RECURSION = YES;
				CLANG_WARN_INT_CONVERSION = YES;
				CLANG_WARN_NON_LITERAL_NULL_CONVERSION = YES;
				CLANG_WARN_OBJC_IMPLICIT_RETAIN_SELF = YES;
				CLANG_WARN_OBJC_LITERAL_CONVERSION = YES;
				CLANG_WARN_OBJC_ROOT_CLASS = YES_ERROR;
				CLANG_WARN_QUOTED_INCLUDE_IN_FRAMEWORK_HEADER = YES;
				CLANG_WARN_RANGE_LOOP_ANALYSIS = YES;
				CLANG_WARN_STRICT_PROTOTYPES = YES;
				CLANG_WARN_SUSPICIOUS_MOVE = YES;
				CLANG_WARN_UNGUARDED_AVAILABILITY = YES_AGGRESSIVE;
				CLANG_WARN_UNREACHABLE_CODE = YES;
				CLANG_WARN__DUPLICATE_METHOD_MATCH = YES;
				COPY_PHASE_STRIP = NO;
				DEBUG_INFORMATION_FORMAT = dwarf;
				ENABLE_STRICT_OBJC_MSGSEND = YES;
				ENABLE_TESTABILITY = YES;
				GCC_C_LANGUAGE_STANDARD = gnu11;
				GCC_DYNAMIC_NO_PIC = NO;
				GCC_NO_COMMON_BLOCKS = YES;
				GCC_OPTIMIZATION_LEVEL = 0;
				GCC_PREPROCESSOR_DEFINITIONS = (
					"DEBUG=1",
					"$(inherited)",
				);
				GCC_WARN_64_TO_32_BIT_CONVERSION = YES;
				GCC_WARN_ABOUT_RETURN_TYPE = YES_ERROR;
				GCC_WARN_UNDECLARED_SELECTOR = YES;
				GCC_WARN_UNINITIALIZED_AUTOS = YES_AGGRESSIVE;
				GCC_WARN_UNUSED_FUNCTION = YES;
				GCC_WARN_UNUSED_VARIABLE = YES;
				IPHONEOS_DEPLOYMENT_TARGET = 14.2;
				MTL_ENABLE_DEBUG_INFO = INCLUDE_SOURCE;
				MTL_FAST_MATH = YES;
				ONLY_ACTIVE_ARCH = YES;
				SDKROOT = iphoneos;
				SWIFT_ACTIVE_COMPILATION_CONDITIONS = DEBUG;
				SWIFT_OPTIMIZATION_LEVEL = "-Onone";
			};
			name = Debug;
		};
		C153F0172578057A00926D30 /* Release */ = {
			isa = XCBuildConfiguration;
			buildSettings = {
				ALWAYS_SEARCH_USER_PATHS = NO;
				CLANG_ANALYZER_NONNULL = YES;
				CLANG_ANALYZER_NUMBER_OBJECT_CONVERSION = YES_AGGRESSIVE;
				CLANG_CXX_LANGUAGE_STANDARD = "gnu++14";
				CLANG_CXX_LIBRARY = "libc++";
				CLANG_ENABLE_MODULES = YES;
				CLANG_ENABLE_OBJC_ARC = YES;
				CLANG_ENABLE_OBJC_WEAK = YES;
				CLANG_WARN_BLOCK_CAPTURE_AUTORELEASING = YES;
				CLANG_WARN_BOOL_CONVERSION = YES;
				CLANG_WARN_COMMA = YES;
				CLANG_WARN_CONSTANT_CONVERSION = YES;
				CLANG_WARN_DEPRECATED_OBJC_IMPLEMENTATIONS = YES;
				CLANG_WARN_DIRECT_OBJC_ISA_USAGE = YES_ERROR;
				CLANG_WARN_DOCUMENTATION_COMMENTS = YES;
				CLANG_WARN_EMPTY_BODY = YES;
				CLANG_WARN_ENUM_CONVERSION = YES;
				CLANG_WARN_INFINITE_RECURSION = YES;
				CLANG_WARN_INT_CONVERSION = YES;
				CLANG_WARN_NON_LITERAL_NULL_CONVERSION = YES;
				CLANG_WARN_OBJC_IMPLICIT_RETAIN_SELF = YES;
				CLANG_WARN_OBJC_LITERAL_CONVERSION = YES;
				CLANG_WARN_OBJC_ROOT_CLASS = YES_ERROR;
				CLANG_WARN_QUOTED_INCLUDE_IN_FRAMEWORK_HEADER = YES;
				CLANG_WARN_RANGE_LOOP_ANALYSIS = YES;
				CLANG_WARN_STRICT_PROTOTYPES = YES;
				CLANG_WARN_SUSPICIOUS_MOVE = YES;
				CLANG_WARN_UNGUARDED_AVAILABILITY = YES_AGGRESSIVE;
				CLANG_WARN_UNREACHABLE_CODE = YES;
				CLANG_WARN__DUPLICATE_METHOD_MATCH = YES;
				COPY_PHASE_STRIP = NO;
				DEBUG_INFORMATION_FORMAT = "dwarf-with-dsym";
				ENABLE_NS_ASSERTIONS = NO;
				ENABLE_STRICT_OBJC_MSGSEND = YES;
				GCC_C_LANGUAGE_STANDARD = gnu11;
				GCC_NO_COMMON_BLOCKS = YES;
				GCC_WARN_64_TO_32_BIT_CONVERSION = YES;
				GCC_WARN_ABOUT_RETURN_TYPE = YES_ERROR;
				GCC_WARN_UNDECLARED_SELECTOR = YES;
				GCC_WARN_UNINITIALIZED_AUTOS = YES_AGGRESSIVE;
				GCC_WARN_UNUSED_FUNCTION = YES;
				GCC_WARN_UNUSED_VARIABLE = YES;
				IPHONEOS_DEPLOYMENT_TARGET = 14.2;
				MTL_ENABLE_DEBUG_INFO = NO;
				MTL_FAST_MATH = YES;
				SDKROOT = iphoneos;
				SWIFT_COMPILATION_MODE = wholemodule;
				SWIFT_OPTIMIZATION_LEVEL = "-O";
				VALIDATE_PRODUCT = YES;
			};
			name = Release;
		};
		C153F0192578057A00926D30 /* Debug */ = {
			isa = XCBuildConfiguration;
			buildSettings = {
				ASSETCATALOG_COMPILER_APPICON_NAME = AppIcon;
				ASSETCATALOG_COMPILER_GLOBAL_ACCENT_COLOR_NAME = AccentColor;
				CODE_SIGN_ENTITLEMENTS = "Turbo Demo.entitlements";
				CODE_SIGN_STYLE = Automatic;
				DEVELOPMENT_TEAM = 2WNYUYRS7G;
				INFOPLIST_FILE = Info.plist;
				LD_RUNPATH_SEARCH_PATHS = (
					"$(inherited)",
					"@executable_path/Frameworks",
				);
				PRODUCT_BUNDLE_IDENTIFIER = com.basecamp.turbo.Demo;
				PRODUCT_NAME = "Turbo Demo";
				SUPPORTS_MACCATALYST = YES;
				SUPPORTS_MAC_DESIGNED_FOR_IPHONE_IPAD = NO;
				SWIFT_VERSION = 5.0;
				TARGETED_DEVICE_FAMILY = "1,2,6";
			};
			name = Debug;
		};
		C153F01A2578057A00926D30 /* Release */ = {
			isa = XCBuildConfiguration;
			buildSettings = {
				ASSETCATALOG_COMPILER_APPICON_NAME = AppIcon;
				ASSETCATALOG_COMPILER_GLOBAL_ACCENT_COLOR_NAME = AccentColor;
				CODE_SIGN_ENTITLEMENTS = "Turbo Demo.entitlements";
				CODE_SIGN_STYLE = Automatic;
				DEVELOPMENT_TEAM = 2WNYUYRS7G;
				INFOPLIST_FILE = Info.plist;
				LD_RUNPATH_SEARCH_PATHS = (
					"$(inherited)",
					"@executable_path/Frameworks",
				);
				PRODUCT_BUNDLE_IDENTIFIER = com.basecamp.turbo.Demo;
				PRODUCT_NAME = "Turbo Demo";
				SUPPORTS_MACCATALYST = YES;
				SUPPORTS_MAC_DESIGNED_FOR_IPHONE_IPAD = NO;
				SWIFT_VERSION = 5.0;
				TARGETED_DEVICE_FAMILY = "1,2,6";
			};
			name = Release;
		};
/* End XCBuildConfiguration section */

/* Begin XCConfigurationList section */
		C153EFFF2578057900926D30 /* Build configuration list for PBXProject "Demo" */ = {
			isa = XCConfigurationList;
			buildConfigurations = (
				C153F0162578057A00926D30 /* Debug */,
				C153F0172578057A00926D30 /* Release */,
			);
			defaultConfigurationIsVisible = 0;
			defaultConfigurationName = Release;
		};
		C153F0182578057A00926D30 /* Build configuration list for PBXNativeTarget "Demo" */ = {
			isa = XCConfigurationList;
			buildConfigurations = (
				C153F0192578057A00926D30 /* Debug */,
				C153F01A2578057A00926D30 /* Release */,
			);
			defaultConfigurationIsVisible = 0;
			defaultConfigurationName = Release;
		};
/* End XCConfigurationList section */
	};
	rootObject = C153EFFC2578057900926D30 /* Project object */;
}
